
Microsoft Visual Studio Solution File, Format Version 12.00
# Visual Studio Version 17
VisualStudioVersion = 17.9.34723.18
MinimumVisualStudioVersion = 10.0.40219.1
Project("{FAE04EC0-301F-11D3-BF4B-00C04F79EFBC}") = "Mydatabase", "Mydatabase\Mydatabase.csproj", "{26914E5A-CF7E-49C1-9D8D-8DD7B469932F}"
EndProject
Global
	GlobalSection(SolutionConfigurationPlatforms) = preSolution
		Debug|Any CPU = Debug|Any CPU
		Debug|x64 = Debug|x64
		Release|Any CPU = Release|Any CPU
		Release|x64 = Release|x64
	EndGlobalSection
	GlobalSection(ProjectConfigurationPlatforms) = postSolution
		{26914E5A-CF7E-49C1-9D8D-8DD7B469932F}.Debug|Any CPU.ActiveCfg = Debug|Any CPU
		{26914E5A-CF7E-49C1-9D8D-8DD7B469932F}.Debug|Any CPU.Build.0 = Debug|Any CPU
		{26914E5A-CF7E-49C1-9D8D-8DD7B469932F}.Debug|x64.ActiveCfg = Debug|x64
		{26914E5A-CF7E-49C1-9D8D-8DD7B469932F}.Debug|x64.Build.0 = Debug|x64
		{26914E5A-CF7E-49C1-9D8D-8DD7B469932F}.Release|Any CPU.ActiveCfg = Release|Any CPU
		{26914E5A-CF7E-49C1-9D8D-8DD7B469932F}.Release|Any CPU.Build.0 = Release|Any CPU
		{26914E5A-CF7E-49C1-9D8D-8DD7B469932F}.Release|x64.ActiveCfg = Release|x64
		{26914E5A-CF7E-49C1-9D8D-8DD7B469932F}.Release|x64.Build.0 = Release|x64
	EndGlobalSection
	GlobalSection(SolutionProperties) = preSolution
		HideSolutionNode = FALSE
	EndGlobalSection
	GlobalSection(ExtensibilityGlobals) = postSolution
		SolutionGuid = {CDCE5DDA-D242-47EA-8CC7-7CDDF6102C77}
	EndGlobalSection
EndGlobal
